// !$*UTF8*$!
{
	archiveVersion = 1;
	classes = {
	};
	objectVersion = 55;
	objects = {

/* Begin PBXBuildFile section */
		4F25DC86282C1CE700C0D61A /* etalonNS.cpp in Sources */ = {isa = PBXBuildFile; fileRef = 4F25DC84282C1CE700C0D61A /* etalonNS.cpp */; };
		4FCF40DE281C10FE00D100E9 /* deviation.cpp in Sources */ = {isa = PBXBuildFile; fileRef = 4FCF40DD281C10FE00D100E9 /* deviation.cpp */; };
		4FD482FB281D6D530024D8F8 /* speed.cpp in Sources */ = {isa = PBXBuildFile; fileRef = 4FD482F9281D6D530024D8F8 /* speed.cpp */; };
		4FD48300281D82870024D8F8 /* position.cpp in Sources */ = {isa = PBXBuildFile; fileRef = 4FD482FE281D82870024D8F8 /* position.cpp */; };
		4FD48302281D83E00024D8F8 /* main.cpp in Sources */ = {isa = PBXBuildFile; fileRef = 4FD48301281D83E00024D8F8 /* main.cpp */; };
		4FD48305281D8BA20024D8F8 /* course.cpp in Sources */ = {isa = PBXBuildFile; fileRef = 4FD48303281D8BA20024D8F8 /* course.cpp */; };
		4FD48309281D94270024D8F8 /* radianControl.cpp in Sources */ = {isa = PBXBuildFile; fileRef = 4FD48307281D94270024D8F8 /* radianControl.cpp */; };
		4FD4830D281DA56B0024D8F8 /* psiTeta.cpp in Sources */ = {isa = PBXBuildFile; fileRef = 4FD4830B281DA56B0024D8F8 /* psiTeta.cpp */; };
/* End PBXBuildFile section */

/* Begin PBXCopyFilesBuildPhase section */
		4FB23A8E281AD202002F38C6 /* CopyFiles */ = {
			isa = PBXCopyFilesBuildPhase;
			buildActionMask = 2147483647;
			dstPath = /usr/share/man/man1/;
			dstSubfolderSpec = 0;
			files = (
			);
			runOnlyForDeploymentPostprocessing = 1;
		};
/* End PBXCopyFilesBuildPhase section */

/* Begin PBXFileReference section */
		4F25DC84282C1CE700C0D61A /* etalonNS.cpp */ = {isa = PBXFileReference; lastKnownFileType = sourcecode.cpp.cpp; path = etalonNS.cpp; sourceTree = "<group>"; };
		4F25DC85282C1CE700C0D61A /* etalonNS.h */ = {isa = PBXFileReference; lastKnownFileType = sourcecode.c.h; path = etalonNS.h; sourceTree = "<group>"; };
		4F978877282D4473002F2C62 /* skoLogVne.txt */ = {isa = PBXFileReference; lastKnownFileType = text; path = skoLogVne.txt; sourceTree = "<group>"; };
		4F978878282DA697002F2C62 /* configDescription.txt */ = {isa = PBXFileReference; lastKnownFileType = text; path = configDescription.txt; sourceTree = "<group>"; };
		4FB23A90281AD202002F38C6 /* Imitator */ = {isa = PBXFileReference; explicitFileType = "compiled.mach-o.executable"; includeInIndex = 0; path = Imitator; sourceTree = BUILT_PRODUCTS_DIR; };
		4FCF40DC281C0ECD00D100E9 /* deviation.h */ = {isa = PBXFileReference; lastKnownFileType = sourcecode.c.h; path = deviation.h; sourceTree = "<group>"; };
		4FCF40DD281C10FE00D100E9 /* deviation.cpp */ = {isa = PBXFileReference; lastKnownFileType = sourcecode.cpp.cpp; path = deviation.cpp; sourceTree = "<group>"; };
		4FD482F9281D6D530024D8F8 /* speed.cpp */ = {isa = PBXFileReference; lastKnownFileType = sourcecode.cpp.cpp; path = speed.cpp; sourceTree = "<group>"; };
		4FD482FA281D6D530024D8F8 /* speed.h */ = {isa = PBXFileReference; lastKnownFileType = sourcecode.c.h; path = speed.h; sourceTree = "<group>"; };
		4FD482FE281D82870024D8F8 /* position.cpp */ = {isa = PBXFileReference; lastKnownFileType = sourcecode.cpp.cpp; path = position.cpp; sourceTree = "<group>"; };
		4FD482FF281D82870024D8F8 /* position.h */ = {isa = PBXFileReference; lastKnownFileType = sourcecode.c.h; path = position.h; sourceTree = "<group>"; };
		4FD48301281D83E00024D8F8 /* main.cpp */ = {isa = PBXFileReference; lastKnownFileType = sourcecode.cpp.cpp; name = main.cpp; path = Imitator/main.cpp; sourceTree = SOURCE_ROOT; };
		4FD48303281D8BA20024D8F8 /* course.cpp */ = {isa = PBXFileReference; lastKnownFileType = sourcecode.cpp.cpp; path = course.cpp; sourceTree = "<group>"; };
		4FD48304281D8BA20024D8F8 /* course.h */ = {isa = PBXFileReference; lastKnownFileType = sourcecode.c.h; path = course.h; sourceTree = "<group>"; };
		4FD48307281D94270024D8F8 /* radianControl.cpp */ = {isa = PBXFileReference; lastKnownFileType = sourcecode.cpp.cpp; path = radianControl.cpp; sourceTree = "<group>"; };
		4FD48308281D94270024D8F8 /* radianControl.h */ = {isa = PBXFileReference; lastKnownFileType = sourcecode.c.h; path = radianControl.h; sourceTree = "<group>"; };
		4FD4830B281DA56B0024D8F8 /* psiTeta.cpp */ = {isa = PBXFileReference; lastKnownFileType = sourcecode.cpp.cpp; path = psiTeta.cpp; sourceTree = "<group>"; };
		4FD4830C281DA56B0024D8F8 /* psiTeta.h */ = {isa = PBXFileReference; lastKnownFileType = sourcecode.c.h; path = psiTeta.h; sourceTree = "<group>"; };
		4FFF4C002826A3C200E22379 /* imitatorConfiguration.config */ = {isa = PBXFileReference; lastKnownFileType = text; path = imitatorConfiguration.config; sourceTree = "<group>"; };
/* End PBXFileReference section */

/* Begin PBXFrameworksBuildPhase section */
		4FB23A8D281AD202002F38C6 /* Frameworks */ = {
			isa = PBXFrameworksBuildPhase;
			buildActionMask = 2147483647;
			files = (
			);
			runOnlyForDeploymentPostprocessing = 0;
		};
/* End PBXFrameworksBuildPhase section */

/* Begin PBXGroup section */
		4F25DC83282C1CC000C0D61A /* Experiments */ = {
			isa = PBXGroup;
			children = (
				4F25DC84282C1CE700C0D61A /* etalonNS.cpp */,
				4F978877282D4473002F2C62 /* skoLogVne.txt */,
				4F25DC87282C1CF300C0D61A /* Headers */,
			);
			path = Experiments;
			sourceTree = "<group>";
		};
		4F25DC87282C1CF300C0D61A /* Headers */ = {
			isa = PBXGroup;
			children = (
				4F25DC85282C1CE700C0D61A /* etalonNS.h */,
			);
			path = Headers;
			sourceTree = "<group>";
		};
		4FB23A87281AD202002F38C6 = {
			isa = PBXGroup;
			children = (
				4FB23A92281AD202002F38C6 /* Imitator */,
				4FB23A91281AD202002F38C6 /* Products */,
			);
			sourceTree = "<group>";
		};
		4FB23A91281AD202002F38C6 /* Products */ = {
			isa = PBXGroup;
			children = (
				4FB23A90281AD202002F38C6 /* Imitator */,
			);
			name = Products;
			sourceTree = "<group>";
		};
		4FB23A92281AD202002F38C6 /* Imitator */ = {
			isa = PBXGroup;
			children = (
				4FD48301281D83E00024D8F8 /* main.cpp */,
				4FD482F9281D6D530024D8F8 /* speed.cpp */,
				4FD48303281D8BA20024D8F8 /* course.cpp */,
				4FD482FE281D82870024D8F8 /* position.cpp */,
				4FD4830B281DA56B0024D8F8 /* psiTeta.cpp */,
				4FCF40DD281C10FE00D100E9 /* deviation.cpp */,
				4FE56F332826B0D7009D244B /* Config */,
				4FD482FD281D6FC20024D8F8 /* Headers */,
				4FD48306281D93E30024D8F8 /* Utilities */,
				4F25DC83282C1CC000C0D61A /* Experiments */,
			);
			path = Imitator;
			sourceTree = "<group>";
		};
		4FD482FD281D6FC20024D8F8 /* Headers */ = {
			isa = PBXGroup;
			children = (
				4FD482FA281D6D530024D8F8 /* speed.h */,
				4FD48304281D8BA20024D8F8 /* course.h */,
				4FD482FF281D82870024D8F8 /* position.h */,
				4FD4830C281DA56B0024D8F8 /* psiTeta.h */,
				4FCF40DC281C0ECD00D100E9 /* deviation.h */,
			);
			path = Headers;
			sourceTree = "<group>";
		};
		4FD48306281D93E30024D8F8 /* Utilities */ = {
			isa = PBXGroup;
			children = (
				4FD48307281D94270024D8F8 /* radianControl.cpp */,
				4FD4830A281D94F50024D8F8 /* Headers */,
			);
			path = Utilities;
			sourceTree = "<group>";
		};
		4FD4830A281D94F50024D8F8 /* Headers */ = {
			isa = PBXGroup;
			children = (
				4FD48308281D94270024D8F8 /* radianControl.h */,
			);
			path = Headers;
			sourceTree = "<group>";
		};
		4FE56F332826B0D7009D244B /* Config */ = {
			isa = PBXGroup;
			children = (
				4FFF4C002826A3C200E22379 /* imitatorConfiguration.config */,
				4F978878282DA697002F2C62 /* configDescription.txt */,
			);
			path = Config;
			sourceTree = "<group>";
		};
/* End PBXGroup section */

/* Begin PBXNativeTarget section */
		4FB23A8F281AD202002F38C6 /* Imitator */ = {
			isa = PBXNativeTarget;
			buildConfigurationList = 4FB23A97281AD202002F38C6 /* Build configuration list for PBXNativeTarget "Imitator" */;
			buildPhases = (
				4FB23A8C281AD202002F38C6 /* Sources */,
				4FB23A8D281AD202002F38C6 /* Frameworks */,
				4FB23A8E281AD202002F38C6 /* CopyFiles */,
			);
			buildRules = (
			);
			dependencies = (
			);
			name = Imitator;
			productName = Imitator;
			productReference = 4FB23A90281AD202002F38C6 /* Imitator */;
			productType = "com.apple.product-type.tool";
		};
/* End PBXNativeTarget section */

/* Begin PBXProject section */
		4FB23A88281AD202002F38C6 /* Project object */ = {
			isa = PBXProject;
			attributes = {
				BuildIndependentTargetsInParallel = 1;
				LastUpgradeCheck = 1330;
				TargetAttributes = {
					4FB23A8F281AD202002F38C6 = {
						CreatedOnToolsVersion = 13.3.1;
					};
				};
			};
			buildConfigurationList = 4FB23A8B281AD202002F38C6 /* Build configuration list for PBXProject "Imitator" */;
			compatibilityVersion = "Xcode 13.0";
			developmentRegion = en;
			hasScannedForEncodings = 0;
			knownRegions = (
				en,
				Base,
			);
			mainGroup = 4FB23A87281AD202002F38C6;
			productRefGroup = 4FB23A91281AD202002F38C6 /* Products */;
			projectDirPath = "";
			projectRoot = "";
			targets = (
				4FB23A8F281AD202002F38C6 /* Imitator */,
			);
		};
/* End PBXProject section */

/* Begin PBXSourcesBuildPhase section */
		4FB23A8C281AD202002F38C6 /* Sources */ = {
			isa = PBXSourcesBuildPhase;
			buildActionMask = 2147483647;
			files = (
				4FCF40DE281C10FE00D100E9 /* deviation.cpp in Sources */,
				4F25DC86282C1CE700C0D61A /* etalonNS.cpp in Sources */,
				4FD48300281D82870024D8F8 /* position.cpp in Sources */,
				4FD48309281D94270024D8F8 /* radianControl.cpp in Sources */,
				4FD48302281D83E00024D8F8 /* main.cpp in Sources */,
				4FD482FB281D6D530024D8F8 /* speed.cpp in Sources */,
				4FD48305281D8BA20024D8F8 /* course.cpp in Sources */,
				4FD4830D281DA56B0024D8F8 /* psiTeta.cpp in Sources */,
			);
			runOnlyForDeploymentPostprocessing = 0;
		};
/* End PBXSourcesBuildPhase section */

/* Begin XCBuildConfiguration section */
		4FB23A95281AD202002F38C6 /* Debug */ = {
			isa = XCBuildConfiguration;
			buildSettings = {
				ALWAYS_SEARCH_USER_PATHS = NO;
				CLANG_ANALYZER_NONNULL = YES;
				CLANG_ANALYZER_NUMBER_OBJECT_CONVERSION = YES_AGGRESSIVE;
				CLANG_CXX_LANGUAGE_STANDARD = "gnu++17";
				CLANG_ENABLE_MODULES = YES;
				CLANG_ENABLE_OBJC_ARC = YES;
				CLANG_ENABLE_OBJC_WEAK = YES;
				CLANG_WARN_BLOCK_CAPTURE_AUTORELEASING = YES;
				CLANG_WARN_BOOL_CONVERSION = YES;
				CLANG_WARN_COMMA = YES;
				CLANG_WARN_CONSTANT_CONVERSION = YES;
				CLANG_WARN_DEPRECATED_OBJC_IMPLEMENTATIONS = YES;
				CLANG_WARN_DIRECT_OBJC_ISA_USAGE = YES_ERROR;
				CLANG_WARN_DOCUMENTATION_COMMENTS = YES;
				CLANG_WARN_EMPTY_BODY = YES;
				CLANG_WARN_ENUM_CONVERSION = YES;
				CLANG_WARN_INFINITE_RECURSION = YES;
				CLANG_WARN_INT_CONVERSION = YES;
				CLANG_WARN_NON_LITERAL_NULL_CONVERSION = YES;
				CLANG_WARN_OBJC_IMPLICIT_RETAIN_SELF = YES;
				CLANG_WARN_OBJC_LITERAL_CONVERSION = YES;
				CLANG_WARN_OBJC_ROOT_CLASS = YES_ERROR;
				CLANG_WARN_QUOTED_INCLUDE_IN_FRAMEWORK_HEADER = YES;
				CLANG_WARN_RANGE_LOOP_ANALYSIS = YES;
				CLANG_WARN_STRICT_PROTOTYPES = YES;
				CLANG_WARN_SUSPICIOUS_MOVE = YES;
				CLANG_WARN_UNGUARDED_AVAILABILITY = YES_AGGRESSIVE;
				CLANG_WARN_UNREACHABLE_CODE = YES;
				CLANG_WARN__DUPLICATE_METHOD_MATCH = YES;
				COPY_PHASE_STRIP = NO;
				DEBUG_INFORMATION_FORMAT = dwarf;
				ENABLE_STRICT_OBJC_MSGSEND = YES;
				ENABLE_TESTABILITY = YES;
				GCC_C_LANGUAGE_STANDARD = gnu11;
				GCC_DYNAMIC_NO_PIC = NO;
				GCC_NO_COMMON_BLOCKS = YES;
				GCC_OPTIMIZATION_LEVEL = 0;
				GCC_PREPROCESSOR_DEFINITIONS = (
					"DEBUG=1",
					"$(inherited)",
				);
				GCC_WARN_64_TO_32_BIT_CONVERSION = YES;
				GCC_WARN_ABOUT_RETURN_TYPE = YES_ERROR;
				GCC_WARN_UNDECLARED_SELECTOR = YES;
				GCC_WARN_UNINITIALIZED_AUTOS = YES_AGGRESSIVE;
				GCC_WARN_UNUSED_FUNCTION = YES;
				GCC_WARN_UNUSED_VARIABLE = YES;
				MACOSX_DEPLOYMENT_TARGET = 12.3;
				MTL_ENABLE_DEBUG_INFO = INCLUDE_SOURCE;
				MTL_FAST_MATH = YES;
				ONLY_ACTIVE_ARCH = YES;
				SDKROOT = macosx;
			};
			name = Debug;
		};
		4FB23A96281AD202002F38C6 /* Release */ = {
			isa = XCBuildConfiguration;
			buildSettings = {
				ALWAYS_SEARCH_USER_PATHS = NO;
				CLANG_ANALYZER_NONNULL = YES;
				CLANG_ANALYZER_NUMBER_OBJECT_CONVERSION = YES_AGGRESSIVE;
				CLANG_CXX_LANGUAGE_STANDARD = "gnu++17";
				CLANG_ENABLE_MODULES = YES;
				CLANG_ENABLE_OBJC_ARC = YES;
				CLANG_ENABLE_OBJC_WEAK = YES;
				CLANG_WARN_BLOCK_CAPTURE_AUTORELEASING = YES;
				CLANG_WARN_BOOL_CONVERSION = YES;
				CLANG_WARN_COMMA = YES;
				CLANG_WARN_CONSTANT_CONVERSION = YES;
				CLANG_WARN_DEPRECATED_OBJC_IMPLEMENTATIONS = YES;
				CLANG_WARN_DIRECT_OBJC_ISA_USAGE = YES_ERROR;
				CLANG_WARN_DOCUMENTATION_COMMENTS = YES;
				CLANG_WARN_EMPTY_BODY = YES;
				CLANG_WARN_ENUM_CONVERSION = YES;
				CLANG_WARN_INFINITE_RECURSION = YES;
				CLANG_WARN_INT_CONVERSION = YES;
				CLANG_WARN_NON_LITERAL_NULL_CONVERSION = YES;
				CLANG_WARN_OBJC_IMPLICIT_RETAIN_SELF = YES;
				CLANG_WARN_OBJC_LITERAL_CONVERSION = YES;
				CLANG_WARN_OBJC_ROOT_CLASS = YES_ERROR;
				CLANG_WARN_QUOTED_INCLUDE_IN_FRAMEWORK_HEADER = YES;
				CLANG_WARN_RANGE_LOOP_ANALYSIS = YES;
				CLANG_WARN_STRICT_PROTOTYPES = YES;
				CLANG_WARN_SUSPICIOUS_MOVE = YES;
				CLANG_WARN_UNGUARDED_AVAILABILITY = YES_AGGRESSIVE;
				CLANG_WARN_UNREACHABLE_CODE = YES;
				CLANG_WARN__DUPLICATE_METHOD_MATCH = YES;
				COPY_PHASE_STRIP = NO;
				DEBUG_INFORMATION_FORMAT = "dwarf-with-dsym";
				ENABLE_NS_ASSERTIONS = NO;
				ENABLE_STRICT_OBJC_MSGSEND = YES;
				GCC_C_LANGUAGE_STANDARD = gnu11;
				GCC_NO_COMMON_BLOCKS = YES;
				GCC_WARN_64_TO_32_BIT_CONVERSION = YES;
				GCC_WARN_ABOUT_RETURN_TYPE = YES_ERROR;
				GCC_WARN_UNDECLARED_SELECTOR = YES;
				GCC_WARN_UNINITIALIZED_AUTOS = YES_AGGRESSIVE;
				GCC_WARN_UNUSED_FUNCTION = YES;
				GCC_WARN_UNUSED_VARIABLE = YES;
				MACOSX_DEPLOYMENT_TARGET = 12.3;
				MTL_ENABLE_DEBUG_INFO = NO;
				MTL_FAST_MATH = YES;
				SDKROOT = macosx;
			};
			name = Release;
		};
		4FB23A98281AD202002F38C6 /* Debug */ = {
			isa = XCBuildConfiguration;
			buildSettings = {
				CODE_SIGN_STYLE = Automatic;
				DEVELOPMENT_TEAM = G7RNA7226J;
				ENABLE_HARDENED_RUNTIME = YES;
				PRODUCT_NAME = "$(TARGET_NAME)";
			};
			name = Debug;
		};
		4FB23A99281AD202002F38C6 /* Release */ = {
			isa = XCBuildConfiguration;
			buildSettings = {
				CODE_SIGN_STYLE = Automatic;
				DEVELOPMENT_TEAM = G7RNA7226J;
				ENABLE_HARDENED_RUNTIME = YES;
				PRODUCT_NAME = "$(TARGET_NAME)";
			};
			name = Release;
		};
/* End XCBuildConfiguration section */

/* Begin XCConfigurationList section */
		4FB23A8B281AD202002F38C6 /* Build configuration list for PBXProject "Imitator" */ = {
			isa = XCConfigurationList;
			buildConfigurations = (
				4FB23A95281AD202002F38C6 /* Debug */,
				4FB23A96281AD202002F38C6 /* Release */,
			);
			defaultConfigurationIsVisible = 0;
			defaultConfigurationName = Release;
		};
		4FB23A97281AD202002F38C6 /* Build configuration list for PBXNativeTarget "Imitator" */ = {
			isa = XCConfigurationList;
			buildConfigurations = (
				4FB23A98281AD202002F38C6 /* Debug */,
				4FB23A99281AD202002F38C6 /* Release */,
			);
			defaultConfigurationIsVisible = 0;
			defaultConfigurationName = Release;
		};
/* End XCConfigurationList section */
	};
	rootObject = 4FB23A88281AD202002F38C6 /* Project object */;
}
